
Microsoft Visual Studio Solution File, Format Version 12.00
# Visual Studio Version 17
VisualStudioVersion = 17.7.34031.279
MinimumVisualStudioVersion = 10.0.40219.1
Project("{FAE04EC0-301F-11D3-BF4B-00C04F79EFBC}") = "WebApplication5", "WebApplication5\WebApplication5.csproj", "{FB400080-19B4-43F0-9198-0158A971F7BB}"
EndProject
Global
	GlobalSection(SolutionConfigurationPlatforms) = preSolution
		Debug|Any CPU = Debug|Any CPU
		Release|Any CPU = Release|Any CPU
	EndGlobalSection
	GlobalSection(ProjectConfigurationPlatforms) = postSolution
		{FB400080-19B4-43F0-9198-0158A971F7BB}.Debug|Any CPU.ActiveCfg = Debug|Any CPU
		{FB400080-19B4-43F0-9198-0158A971F7BB}.Debug|Any CPU.Build.0 = Debug|Any CPU
		{FB400080-19B4-43F0-9198-0158A971F7BB}.Release|Any CPU.ActiveCfg = Release|Any CPU
		{FB400080-19B4-43F0-9198-0158A971F7BB}.Release|Any CPU.Build.0 = Release|Any CPU
	EndGlobalSection
	GlobalSection(SolutionProperties) = preSolution
		HideSolutionNode = FALSE
	EndGlobalSection
	GlobalSection(ExtensibilityGlobals) = postSolution
		SolutionGuid = {A5747150-E30A-4FDA-82BF-259EA9BD959A}
	EndGlobalSection
EndGlobal
